
Microsoft Visual Studio Solution File, Format Version 12.00
# Visual Studio Version 17
VisualStudioVersion = 17.0.31717.71
MinimumVisualStudioVersion = 10.0.40219.1
Project("{2EC1F654-A81C-44E5-9775-CFB7FA188AEA}") = "BlazorTemplate.Server", "BlazorTemplate.Server\BlazorTemplate.Server.csproj", "{04FE72C1-8967-4674-9B19-8142941699C4}"
EndProject
Project("{2EC1F654-A81C-44E5-9775-CFB7FA188AEA}") = "BlazorTemplate.Client", "BlazorTemplate.Client\BlazorTemplate.Client.csproj", "{6C16291B-0432-41A3-A75E-2E6DEE175BFF}"
EndProject
Project("{2EC1F654-A81C-44E5-9775-CFB7FA188AEA}") = "BlazorTemplate.Shared", "BlazorTemplate.Shared\BlazorTemplate.Shared.csproj", "{19B30B67-EF6F-4AD6-9F99-C777D022D99C}"
EndProject
Project("{FAE04EC0-301F-11D3-BF4B-00C04F79EFBC}") = "BlazorTemplate.Core", "BlazorTemplate.Core\BlazorTemplate.Core.csproj", "{1D0185A9-7790-4AD4-B43D-9B15B0A6F8B6}"
EndProject
Project("{FAE04EC0-301F-11D3-BF4B-00C04F79EFBC}") = "BlazorTemplate.DataAccess", "BlazorTemplate.DataAccess\BlazorTemplate.DataAccess.csproj", "{EFFC939B-66A9-4DE8-9D5A-411524CD0FAE}"
EndProject
Project("{FAE04EC0-301F-11D3-BF4B-00C04F79EFBC}") = "BlazorTemplate.IoC", "BlazorTemplate.IoC\BlazorTemplate.IoC.csproj", "{4BF6A645-9897-4637-8CA4-CA935D32F8FD}"
EndProject
Project("{2150E333-8FDC-42A3-9474-1A3956D46DE8}") = "Client", "Client", "{EA78EDAB-3CF3-4BD3-AAE6-BE97789CAAEF}"
EndProject
Project("{FAE04EC0-301F-11D3-BF4B-00C04F79EFBC}") = "Authentication.Client", "Authentication.Client\Authentication.Client.csproj", "{00734CDC-A8AD-4201-A9C5-43365F82AE85}"
EndProject
Global
	GlobalSection(SolutionConfigurationPlatforms) = preSolution
		Debug|Any CPU = Debug|Any CPU
		Release|Any CPU = Release|Any CPU
	EndGlobalSection
	GlobalSection(ProjectConfigurationPlatforms) = postSolution
		{04FE72C1-8967-4674-9B19-8142941699C4}.Debug|Any CPU.ActiveCfg = Debug|Any CPU
		{04FE72C1-8967-4674-9B19-8142941699C4}.Debug|Any CPU.Build.0 = Debug|Any CPU
		{04FE72C1-8967-4674-9B19-8142941699C4}.Release|Any CPU.ActiveCfg = Release|Any CPU
		{04FE72C1-8967-4674-9B19-8142941699C4}.Release|Any CPU.Build.0 = Release|Any CPU
		{6C16291B-0432-41A3-A75E-2E6DEE175BFF}.Debug|Any CPU.ActiveCfg = Debug|Any CPU
		{6C16291B-0432-41A3-A75E-2E6DEE175BFF}.Debug|Any CPU.Build.0 = Debug|Any CPU
		{6C16291B-0432-41A3-A75E-2E6DEE175BFF}.Release|Any CPU.ActiveCfg = Release|Any CPU
		{6C16291B-0432-41A3-A75E-2E6DEE175BFF}.Release|Any CPU.Build.0 = Release|Any CPU
		{19B30B67-EF6F-4AD6-9F99-C777D022D99C}.Debug|Any CPU.ActiveCfg = Debug|Any CPU
		{19B30B67-EF6F-4AD6-9F99-C777D022D99C}.Debug|Any CPU.Build.0 = Debug|Any CPU
		{19B30B67-EF6F-4AD6-9F99-C777D022D99C}.Release|Any CPU.ActiveCfg = Release|Any CPU
		{19B30B67-EF6F-4AD6-9F99-C777D022D99C}.Release|Any CPU.Build.0 = Release|Any CPU
		{1D0185A9-7790-4AD4-B43D-9B15B0A6F8B6}.Debug|Any CPU.ActiveCfg = Debug|Any CPU
		{1D0185A9-7790-4AD4-B43D-9B15B0A6F8B6}.Debug|Any CPU.Build.0 = Debug|Any CPU
		{1D0185A9-7790-4AD4-B43D-9B15B0A6F8B6}.Release|Any CPU.ActiveCfg = Release|Any CPU
		{1D0185A9-7790-4AD4-B43D-9B15B0A6F8B6}.Release|Any CPU.Build.0 = Release|Any CPU
		{EFFC939B-66A9-4DE8-9D5A-411524CD0FAE}.Debug|Any CPU.ActiveCfg = Debug|Any CPU
		{EFFC939B-66A9-4DE8-9D5A-411524CD0FAE}.Debug|Any CPU.Build.0 = Debug|Any CPU
		{EFFC939B-66A9-4DE8-9D5A-411524CD0FAE}.Release|Any CPU.ActiveCfg = Release|Any CPU
		{EFFC939B-66A9-4DE8-9D5A-411524CD0FAE}.Release|Any CPU.Build.0 = Release|Any CPU
		{4BF6A645-9897-4637-8CA4-CA935D32F8FD}.Debug|Any CPU.ActiveCfg = Debug|Any CPU
		{4BF6A645-9897-4637-8CA4-CA935D32F8FD}.Debug|Any CPU.Build.0 = Debug|Any CPU
		{4BF6A645-9897-4637-8CA4-CA935D32F8FD}.Release|Any CPU.ActiveCfg = Release|Any CPU
		{4BF6A645-9897-4637-8CA4-CA935D32F8FD}.Release|Any CPU.Build.0 = Release|Any CPU
		{00734CDC-A8AD-4201-A9C5-43365F82AE85}.Debug|Any CPU.ActiveCfg = Debug|Any CPU
		{00734CDC-A8AD-4201-A9C5-43365F82AE85}.Debug|Any CPU.Build.0 = Debug|Any CPU
		{00734CDC-A8AD-4201-A9C5-43365F82AE85}.Release|Any CPU.ActiveCfg = Release|Any CPU
		{00734CDC-A8AD-4201-A9C5-43365F82AE85}.Release|Any CPU.Build.0 = Release|Any CPU
	EndGlobalSection
	GlobalSection(SolutionProperties) = preSolution
		HideSolutionNode = FALSE
	EndGlobalSection
	GlobalSection(ExtensibilityGlobals) = postSolution
		SolutionGuid = {F435C508-5633-43E2-BED6-B61AECD70C7B}
	EndGlobalSection
	GlobalSection(NestedProjects) = preSolution
		{6C16291B-0432-41A3-A75E-2E6DEE175BFF} = {EA78EDAB-3CF3-4BD3-AAE6-BE97789CAAEF}
		{00734CDC-A8AD-4201-A9C5-43365F82AE85} = {EA78EDAB-3CF3-4BD3-AAE6-BE97789CAAEF}
	EndGlobalSection
EndGlobal
