
Microsoft Visual Studio Solution File, Format Version 12.00
# Visual Studio Version 17
VisualStudioVersion = 17.0.31717.71
MinimumVisualStudioVersion = 10.0.40219.1
Project("{2EC1F654-A81C-44E5-9775-CFB7FA188AEA}") = "BlazorTemplate.Server", "BlazorTemplate.Server\BlazorTemplate.Server.csproj", "{04FE72C1-8967-4674-9B19-8142941699C4}"
EndProject
Project("{2EC1F654-A81C-44E5-9775-CFB7FA188AEA}") = "BlazorTemplate.Client", "BlazorTemplate.Client\BlazorTemplate.Client.csproj", "{6C16291B-0432-41A3-A75E-2E6DEE175BFF}"
EndProject
Project("{2EC1F654-A81C-44E5-9775-CFB7FA188AEA}") = "BlazorTemplate.Shared", "BlazorTemplate.Shared\BlazorTemplate.Shared.csproj", "{19B30B67-EF6F-4AD6-9F99-C777D022D99C}"
EndProject
Global
	GlobalSection(SolutionConfigurationPlatforms) = preSolution
		Debug|Any CPU = Debug|Any CPU
		Release|Any CPU = Release|Any CPU
	EndGlobalSection
	GlobalSection(ProjectConfigurationPlatforms) = postSolution
		{04FE72C1-8967-4674-9B19-8142941699C4}.Debug|Any CPU.ActiveCfg = Debug|Any CPU
		{04FE72C1-8967-4674-9B19-8142941699C4}.Debug|Any CPU.Build.0 = Debug|Any CPU
		{04FE72C1-8967-4674-9B19-8142941699C4}.Release|Any CPU.ActiveCfg = Release|Any CPU
		{04FE72C1-8967-4674-9B19-8142941699C4}.Release|Any CPU.Build.0 = Release|Any CPU
		{6C16291B-0432-41A3-A75E-2E6DEE175BFF}.Debug|Any CPU.ActiveCfg = Debug|Any CPU
		{6C16291B-0432-41A3-A75E-2E6DEE175BFF}.Debug|Any CPU.Build.0 = Debug|Any CPU
		{6C16291B-0432-41A3-A75E-2E6DEE175BFF}.Release|Any CPU.ActiveCfg = Release|Any CPU
		{6C16291B-0432-41A3-A75E-2E6DEE175BFF}.Release|Any CPU.Build.0 = Release|Any CPU
		{19B30B67-EF6F-4AD6-9F99-C777D022D99C}.Debug|Any CPU.ActiveCfg = Debug|Any CPU
		{19B30B67-EF6F-4AD6-9F99-C777D022D99C}.Debug|Any CPU.Build.0 = Debug|Any CPU
		{19B30B67-EF6F-4AD6-9F99-C777D022D99C}.Release|Any CPU.ActiveCfg = Release|Any CPU
		{19B30B67-EF6F-4AD6-9F99-C777D022D99C}.Release|Any CPU.Build.0 = Release|Any CPU
	EndGlobalSection
	GlobalSection(SolutionProperties) = preSolution
		HideSolutionNode = FALSE
	EndGlobalSection
	GlobalSection(ExtensibilityGlobals) = postSolution
		SolutionGuid = {F435C508-5633-43E2-BED6-B61AECD70C7B}
	EndGlobalSection
EndGlobal